{
  "object": {
    "pins": [
      {
        "package": "AwsSign",
        "repositoryURL": "https://github.com/nikola-mladenovic/AwsSwiftSign.git",
        "state": {
          "branch": null,
          "revision": "ce71b88cbe5f8c5f00b573ad687615f681402dd7",
          "version": "0.4.0"
        }
      },
      {
        "package": "CryptoSwift",
        "repositoryURL": "https://github.com/krzyzanowskim/CryptoSwift.git",
        "state": {
          "branch": null,
          "revision": "c9c3df6ab812de32bae61fc0cd1bf6d45170ebf0",
          "version": "1.8.2"
        }
      },
      {
        "package": "SWXMLHash",
        "repositoryURL": "https://github.com/drmohundro/SWXMLHash.git",
        "state": {
          "branch": null,
          "revision": "9183170d20857753d4f331b0ca63f73c60764bf3",
          "version": "5.0.2"
        }
      }
    ]
  },
  "version": 1
}
